
Microsoft Visual Studio Solution File, Format Version 12.00
# Visual Studio Version 16
VisualStudioVersion = 16.0.29409.12
MinimumVisualStudioVersion = 10.0.40219.1
Project("{9A19103F-16F7-4668-BE54-9A1E7A4F7556}") = "ExampleWebApp", "ExampleWebApp\ExampleWebApp.csproj", "{4FEB6BBD-5757-47B2-A752-EC0F7A10D846}"
EndProject
Project("{9A19103F-16F7-4668-BE54-9A1E7A4F7556}") = "ExampleWebApp.Business", "ExampleWebApp.Business\ExampleWebApp.Business.csproj", "{84F1DC5C-F579-4193-886D-C44A486325FD}"
EndProject
Project("{9A19103F-16F7-4668-BE54-9A1E7A4F7556}") = "ExampleWebApp.Storage", "ExampleWebApp.Storage\ExampleWebApp.Storage.csproj", "{EEDAF6C4-0D17-4916-8D3A-2DF05D8A4551}"
EndProject
Project("{9A19103F-16F7-4668-BE54-9A1E7A4F7556}") = "ExampleWebApp.Common", "ExampleWebApp.Common\ExampleWebApp.Common.csproj", "{2659C05B-AB5E-4734-B755-A95E86824252}"
EndProject
Project("{FAE04EC0-301F-11D3-BF4B-00C04F79EFBC}") = "ExampleWebApp.IntegrationTests", "ExampleWebApp.IntegrationTests\ExampleWebApp.IntegrationTests.csproj", "{F4735400-E081-42FD-B397-0C5D2FC70098}"
EndProject
Global
	GlobalSection(SolutionConfigurationPlatforms) = preSolution
		Debug|Any CPU = Debug|Any CPU
		Release|Any CPU = Release|Any CPU
	EndGlobalSection
	GlobalSection(ProjectConfigurationPlatforms) = postSolution
		{4FEB6BBD-5757-47B2-A752-EC0F7A10D846}.Debug|Any CPU.ActiveCfg = Debug|Any CPU
		{4FEB6BBD-5757-47B2-A752-EC0F7A10D846}.Debug|Any CPU.Build.0 = Debug|Any CPU
		{4FEB6BBD-5757-47B2-A752-EC0F7A10D846}.Release|Any CPU.ActiveCfg = Release|Any CPU
		{4FEB6BBD-5757-47B2-A752-EC0F7A10D846}.Release|Any CPU.Build.0 = Release|Any CPU
		{84F1DC5C-F579-4193-886D-C44A486325FD}.Debug|Any CPU.ActiveCfg = Debug|Any CPU
		{84F1DC5C-F579-4193-886D-C44A486325FD}.Debug|Any CPU.Build.0 = Debug|Any CPU
		{84F1DC5C-F579-4193-886D-C44A486325FD}.Release|Any CPU.ActiveCfg = Release|Any CPU
		{84F1DC5C-F579-4193-886D-C44A486325FD}.Release|Any CPU.Build.0 = Release|Any CPU
		{EEDAF6C4-0D17-4916-8D3A-2DF05D8A4551}.Debug|Any CPU.ActiveCfg = Debug|Any CPU
		{EEDAF6C4-0D17-4916-8D3A-2DF05D8A4551}.Debug|Any CPU.Build.0 = Debug|Any CPU
		{EEDAF6C4-0D17-4916-8D3A-2DF05D8A4551}.Release|Any CPU.ActiveCfg = Release|Any CPU
		{EEDAF6C4-0D17-4916-8D3A-2DF05D8A4551}.Release|Any CPU.Build.0 = Release|Any CPU
		{2659C05B-AB5E-4734-B755-A95E86824252}.Debug|Any CPU.ActiveCfg = Debug|Any CPU
		{2659C05B-AB5E-4734-B755-A95E86824252}.Debug|Any CPU.Build.0 = Debug|Any CPU
		{2659C05B-AB5E-4734-B755-A95E86824252}.Release|Any CPU.ActiveCfg = Release|Any CPU
		{2659C05B-AB5E-4734-B755-A95E86824252}.Release|Any CPU.Build.0 = Release|Any CPU
		{F4735400-E081-42FD-B397-0C5D2FC70098}.Debug|Any CPU.ActiveCfg = Debug|Any CPU
		{F4735400-E081-42FD-B397-0C5D2FC70098}.Debug|Any CPU.Build.0 = Debug|Any CPU
		{F4735400-E081-42FD-B397-0C5D2FC70098}.Release|Any CPU.ActiveCfg = Release|Any CPU
		{F4735400-E081-42FD-B397-0C5D2FC70098}.Release|Any CPU.Build.0 = Release|Any CPU
	EndGlobalSection
	GlobalSection(SolutionProperties) = preSolution
		HideSolutionNode = FALSE
	EndGlobalSection
	GlobalSection(ExtensibilityGlobals) = postSolution
		SolutionGuid = {C7DDFF81-7C9E-4FE8-ADC5-3B8150593BD0}
	EndGlobalSection
EndGlobal
